
Microsoft Visual Studio Solution File, Format Version 12.00
# Visual Studio Version 17
VisualStudioVersion = 17.14.35821.62 d17.14
MinimumVisualStudioVersion = 10.0.40219.1
Project("{FAE04EC0-301F-11D3-BF4B-00C04F79EFBC}") = "Radiation level detector", "Radiation level detector\Radiation level detector.csproj", "{0C17620F-CE25-49AF-ADDB-EF1DA2EF434B}"
EndProject
Global
	GlobalSection(SolutionConfigurationPlatforms) = preSolution
		Debug|Any CPU = Debug|Any CPU
		Release|Any CPU = Release|Any CPU
	EndGlobalSection
	GlobalSection(ProjectConfigurationPlatforms) = postSolution
		{0C17620F-CE25-49AF-ADDB-EF1DA2EF434B}.Debug|Any CPU.ActiveCfg = Debug|Any CPU
		{0C17620F-CE25-49AF-ADDB-EF1DA2EF434B}.Debug|Any CPU.Build.0 = Debug|Any CPU
		{0C17620F-CE25-49AF-ADDB-EF1DA2EF434B}.Release|Any CPU.ActiveCfg = Release|Any CPU
		{0C17620F-CE25-49AF-ADDB-EF1DA2EF434B}.Release|Any CPU.Build.0 = Release|Any CPU
	EndGlobalSection
	GlobalSection(SolutionProperties) = preSolution
		HideSolutionNode = FALSE
	EndGlobalSection
	GlobalSection(ExtensibilityGlobals) = postSolution
		SolutionGuid = {876EA3E9-CDEC-483C-985A-9D0258BA2DD8}
	EndGlobalSection
EndGlobal
